
Microsoft Visual Studio Solution File, Format Version 12.00
# Visual Studio 15
VisualStudioVersion = 15.0.27703.2000
MinimumVisualStudioVersion = 10.0.40219.1
Project("{FAE04EC0-301F-11D3-BF4B-00C04F79EFBC}") = "ClienteOperaciones", "ClienteOperaciones\ClienteOperaciones.csproj", "{4D079420-CC06-4B94-BDCB-5B020FA7DAED}"
EndProject
Global
	GlobalSection(SolutionConfigurationPlatforms) = preSolution
		Debug|Any CPU = Debug|Any CPU
		Release|Any CPU = Release|Any CPU
	EndGlobalSection
	GlobalSection(ProjectConfigurationPlatforms) = postSolution
		{4D079420-CC06-4B94-BDCB-5B020FA7DAED}.Debug|Any CPU.ActiveCfg = Debug|Any CPU
		{4D079420-CC06-4B94-BDCB-5B020FA7DAED}.Debug|Any CPU.Build.0 = Debug|Any CPU
		{4D079420-CC06-4B94-BDCB-5B020FA7DAED}.Release|Any CPU.ActiveCfg = Release|Any CPU
		{4D079420-CC06-4B94-BDCB-5B020FA7DAED}.Release|Any CPU.Build.0 = Release|Any CPU
	EndGlobalSection
	GlobalSection(SolutionProperties) = preSolution
		HideSolutionNode = FALSE
	EndGlobalSection
	GlobalSection(ExtensibilityGlobals) = postSolution
		SolutionGuid = {85CC96C9-6124-43C3-81A3-AD0422852479}
	EndGlobalSection
EndGlobal
